// !$*UTF8*$!
{
	archiveVersion = 1;
	classes = {
	};
	objectVersion = 56;
	objects = {

/* Begin PBXBuildFile section */
		8E2564DC2B24C44000FA2C08 /* SociotypeDescription.swift in Sources */ = {isa = PBXBuildFile; fileRef = 8E2564DB2B24C44000FA2C08 /* SociotypeDescription.swift */; };
		8E2564DE2B24C44600FA2C08 /* Rainin.swift in Sources */ = {isa = PBXBuildFile; fileRef = 8E2564DD2B24C44600FA2C08 /* Rainin.swift */; };
		8E44CA1A2B2387E40013876D /* RadialDiagram.swift in Sources */ = {isa = PBXBuildFile; fileRef = 8E44CA192B2387E40013876D /* RadialDiagram.swift */; };
		8E64F24D2B00150A009ED513 /* SociotypeDetailDomain.swift in Sources */ = {isa = PBXBuildFile; fileRef = 8E64F24C2B00150A009ED513 /* SociotypeDetailDomain.swift */; };
		8E64F2512B0015F2009ED513 /* ReininSignsDomain.swift in Sources */ = {isa = PBXBuildFile; fileRef = 8E64F2502B0015F2009ED513 /* ReininSignsDomain.swift */; };
		8E66E8DE2AE6D6B400FDBE6F /* SociotypeDetailView.swift in Sources */ = {isa = PBXBuildFile; fileRef = 8E66E8DD2AE6D6B400FDBE6F /* SociotypeDetailView.swift */; };
		8E7762A92B24C01000E1BFC2 /* ExpandableRow.swift in Sources */ = {isa = PBXBuildFile; fileRef = 8E7762A82B24C01000E1BFC2 /* ExpandableRow.swift */; };
		8E7762AC2B24C35E00E1BFC2 /* SociotypeDomain.swift in Sources */ = {isa = PBXBuildFile; fileRef = 8E7762AA2B24C35E00E1BFC2 /* SociotypeDomain.swift */; };
		8E7762AD2B24C35E00E1BFC2 /* SociotypeView.swift in Sources */ = {isa = PBXBuildFile; fileRef = 8E7762AB2B24C35E00E1BFC2 /* SociotypeView.swift */; };
		8E7B531A2AE597DF0031E807 /* SociotypeModel.swift in Sources */ = {isa = PBXBuildFile; fileRef = 8E7B53192AE597DF0031E807 /* SociotypeModel.swift */; };
		8E7B531C2AE5C7280031E807 /* ReininSignsView.swift in Sources */ = {isa = PBXBuildFile; fileRef = 8E7B531B2AE5C7280031E807 /* ReininSignsView.swift */; };
		8E7B531E2AE5E8D20031E807 /* SociotypeFactory.swift in Sources */ = {isa = PBXBuildFile; fileRef = 8E7B531D2AE5E8D20031E807 /* SociotypeFactory.swift */; };
		8E7B53202AE601750031E807 /* Modifiers.swift in Sources */ = {isa = PBXBuildFile; fileRef = 8E7B531F2AE601750031E807 /* Modifiers.swift */; };
		8E94C0022AE4879D00E838C9 /* Theme.swift in Sources */ = {isa = PBXBuildFile; fileRef = 8E94C0012AE4879D00E838C9 /* Theme.swift */; };
		8E94C0042AE4881300E838C9 /* Colors.xcassets in Resources */ = {isa = PBXBuildFile; fileRef = 8E94C0032AE4881300E838C9 /* Colors.xcassets */; };
		8E94C0072AE48ED600E838C9 /* SocionicsButton.swift in Sources */ = {isa = PBXBuildFile; fileRef = 8E94C0062AE48ED600E838C9 /* SocionicsButton.swift */; };
		8E94C0102AE4959F00E838C9 /* PT-Root-UI_Medium.ttf in Resources */ = {isa = PBXBuildFile; fileRef = 8E94C00C2AE4959E00E838C9 /* PT-Root-UI_Medium.ttf */; };
		8E94C0112AE4959F00E838C9 /* PT-Root-UI_Light.ttf in Resources */ = {isa = PBXBuildFile; fileRef = 8E94C00D2AE4959E00E838C9 /* PT-Root-UI_Light.ttf */; };
		8E94C0122AE4959F00E838C9 /* PT-Root-UI_Regular.ttf in Resources */ = {isa = PBXBuildFile; fileRef = 8E94C00E2AE4959F00E838C9 /* PT-Root-UI_Regular.ttf */; };
		8E94C0132AE4959F00E838C9 /* PT-Root-UI_Bold.ttf in Resources */ = {isa = PBXBuildFile; fileRef = 8E94C00F2AE4959F00E838C9 /* PT-Root-UI_Bold.ttf */; };
		8E94C0202AE4963400E838C9 /* Inter-ExtraBold.otf in Resources */ = {isa = PBXBuildFile; fileRef = 8E94C0162AE4963300E838C9 /* Inter-ExtraBold.otf */; };
		8E94C0212AE4963400E838C9 /* Inter-Bold.otf in Resources */ = {isa = PBXBuildFile; fileRef = 8E94C0172AE4963300E838C9 /* Inter-Bold.otf */; };
		8E94C0222AE4963400E838C9 /* Inter-ExtraLight.otf in Resources */ = {isa = PBXBuildFile; fileRef = 8E94C0182AE4963300E838C9 /* Inter-ExtraLight.otf */; };
		8E94C0232AE4963400E838C9 /* Inter-Medium.otf in Resources */ = {isa = PBXBuildFile; fileRef = 8E94C0192AE4963300E838C9 /* Inter-Medium.otf */; };
		8E94C0252AE4963400E838C9 /* Inter-Black.otf in Resources */ = {isa = PBXBuildFile; fileRef = 8E94C01B2AE4963300E838C9 /* Inter-Black.otf */; };
		8E94C0262AE4963400E838C9 /* Inter-Regular.otf in Resources */ = {isa = PBXBuildFile; fileRef = 8E94C01C2AE4963400E838C9 /* Inter-Regular.otf */; };
		8E94C0282AE4963400E838C9 /* Inter-Light.otf in Resources */ = {isa = PBXBuildFile; fileRef = 8E94C01E2AE4963400E838C9 /* Inter-Light.otf */; };
		8E94C0292AE4963400E838C9 /* Inter-SemiBold.otf in Resources */ = {isa = PBXBuildFile; fileRef = 8E94C01F2AE4963400E838C9 /* Inter-SemiBold.otf */; };
		8E94C02C2AE4B15000E838C9 /* Images.xcassets in Resources */ = {isa = PBXBuildFile; fileRef = 8E94C02B2AE4B15000E838C9 /* Images.xcassets */; };
		8E99625F2AE039890097C3B6 /* SynergyApp.swift in Sources */ = {isa = PBXBuildFile; fileRef = 8E99625E2AE039890097C3B6 /* SynergyApp.swift */; };
		8E9962632AE0398B0097C3B6 /* Assets.xcassets in Resources */ = {isa = PBXBuildFile; fileRef = 8E9962622AE0398B0097C3B6 /* Assets.xcassets */; };
		8E9962662AE0398B0097C3B6 /* Preview Assets.xcassets in Resources */ = {isa = PBXBuildFile; fileRef = 8E9962652AE0398B0097C3B6 /* Preview Assets.xcassets */; };
		8E99628A2AE03B870097C3B6 /* ComposableArchitecture in Frameworks */ = {isa = PBXBuildFile; productRef = 8E9962892AE03B870097C3B6 /* ComposableArchitecture */; };
		8ED6EF012AF4451F000B290A /* SeparatorView.swift in Sources */ = {isa = PBXBuildFile; fileRef = 8ED6EF002AF4451F000B290A /* SeparatorView.swift */; };
		8EF9DA212AE13D100029DD68 /* MainView.swift in Sources */ = {isa = PBXBuildFile; fileRef = 8EF9DA202AE13D100029DD68 /* MainView.swift */; };
		8EF9DA242AE13F650029DD68 /* NavigationBar.swift in Sources */ = {isa = PBXBuildFile; fileRef = 8EF9DA232AE13F650029DD68 /* NavigationBar.swift */; };
		8EF9DA262AE173DD0029DD68 /* AstrologyView.swift in Sources */ = {isa = PBXBuildFile; fileRef = 8EF9DA252AE173DD0029DD68 /* AstrologyView.swift */; };
/* End PBXBuildFile section */

/* Begin PBXFileReference section */
		8E2564DB2B24C44000FA2C08 /* SociotypeDescription.swift */ = {isa = PBXFileReference; lastKnownFileType = sourcecode.swift; path = SociotypeDescription.swift; sourceTree = "<group>"; };
		8E2564DD2B24C44600FA2C08 /* Rainin.swift */ = {isa = PBXFileReference; lastKnownFileType = sourcecode.swift; path = Rainin.swift; sourceTree = "<group>"; };
		8E44CA192B2387E40013876D /* RadialDiagram.swift */ = {isa = PBXFileReference; lastKnownFileType = sourcecode.swift; path = RadialDiagram.swift; sourceTree = "<group>"; };
		8E64F24C2B00150A009ED513 /* SociotypeDetailDomain.swift */ = {isa = PBXFileReference; lastKnownFileType = sourcecode.swift; path = SociotypeDetailDomain.swift; sourceTree = "<group>"; };
		8E64F2502B0015F2009ED513 /* ReininSignsDomain.swift */ = {isa = PBXFileReference; lastKnownFileType = sourcecode.swift; path = ReininSignsDomain.swift; sourceTree = "<group>"; };
		8E66E8DD2AE6D6B400FDBE6F /* SociotypeDetailView.swift */ = {isa = PBXFileReference; lastKnownFileType = sourcecode.swift; path = SociotypeDetailView.swift; sourceTree = "<group>"; };
		8E7762A82B24C01000E1BFC2 /* ExpandableRow.swift */ = {isa = PBXFileReference; lastKnownFileType = sourcecode.swift; path = ExpandableRow.swift; sourceTree = "<group>"; };
		8E7762AA2B24C35E00E1BFC2 /* SociotypeDomain.swift */ = {isa = PBXFileReference; fileEncoding = 4; lastKnownFileType = sourcecode.swift; path = SociotypeDomain.swift; sourceTree = "<group>"; };
		8E7762AB2B24C35E00E1BFC2 /* SociotypeView.swift */ = {isa = PBXFileReference; fileEncoding = 4; lastKnownFileType = sourcecode.swift; path = SociotypeView.swift; sourceTree = "<group>"; };
		8E7B53192AE597DF0031E807 /* SociotypeModel.swift */ = {isa = PBXFileReference; lastKnownFileType = sourcecode.swift; path = SociotypeModel.swift; sourceTree = "<group>"; };
		8E7B531B2AE5C7280031E807 /* ReininSignsView.swift */ = {isa = PBXFileReference; lastKnownFileType = sourcecode.swift; path = ReininSignsView.swift; sourceTree = "<group>"; };
		8E7B531D2AE5E8D20031E807 /* SociotypeFactory.swift */ = {isa = PBXFileReference; lastKnownFileType = sourcecode.swift; path = SociotypeFactory.swift; sourceTree = "<group>"; };
		8E7B531F2AE601750031E807 /* Modifiers.swift */ = {isa = PBXFileReference; lastKnownFileType = sourcecode.swift; path = Modifiers.swift; sourceTree = "<group>"; };
		8E94C0012AE4879D00E838C9 /* Theme.swift */ = {isa = PBXFileReference; lastKnownFileType = sourcecode.swift; path = Theme.swift; sourceTree = "<group>"; };
		8E94C0032AE4881300E838C9 /* Colors.xcassets */ = {isa = PBXFileReference; lastKnownFileType = folder.assetcatalog; path = Colors.xcassets; sourceTree = "<group>"; };
		8E94C0062AE48ED600E838C9 /* SocionicsButton.swift */ = {isa = PBXFileReference; lastKnownFileType = sourcecode.swift; path = SocionicsButton.swift; sourceTree = "<group>"; };
		8E94C00C2AE4959E00E838C9 /* PT-Root-UI_Medium.ttf */ = {isa = PBXFileReference; lastKnownFileType = file; path = "PT-Root-UI_Medium.ttf"; sourceTree = "<group>"; };
		8E94C00D2AE4959E00E838C9 /* PT-Root-UI_Light.ttf */ = {isa = PBXFileReference; lastKnownFileType = file; path = "PT-Root-UI_Light.ttf"; sourceTree = "<group>"; };
		8E94C00E2AE4959F00E838C9 /* PT-Root-UI_Regular.ttf */ = {isa = PBXFileReference; lastKnownFileType = file; path = "PT-Root-UI_Regular.ttf"; sourceTree = "<group>"; };
		8E94C00F2AE4959F00E838C9 /* PT-Root-UI_Bold.ttf */ = {isa = PBXFileReference; lastKnownFileType = file; path = "PT-Root-UI_Bold.ttf"; sourceTree = "<group>"; };
		8E94C0162AE4963300E838C9 /* Inter-ExtraBold.otf */ = {isa = PBXFileReference; lastKnownFileType = file; path = "Inter-ExtraBold.otf"; sourceTree = "<group>"; };
		8E94C0172AE4963300E838C9 /* Inter-Bold.otf */ = {isa = PBXFileReference; lastKnownFileType = file; path = "Inter-Bold.otf"; sourceTree = "<group>"; };
		8E94C0182AE4963300E838C9 /* Inter-ExtraLight.otf */ = {isa = PBXFileReference; lastKnownFileType = file; path = "Inter-ExtraLight.otf"; sourceTree = "<group>"; };
		8E94C0192AE4963300E838C9 /* Inter-Medium.otf */ = {isa = PBXFileReference; lastKnownFileType = file; path = "Inter-Medium.otf"; sourceTree = "<group>"; };
		8E94C01B2AE4963300E838C9 /* Inter-Black.otf */ = {isa = PBXFileReference; lastKnownFileType = file; path = "Inter-Black.otf"; sourceTree = "<group>"; };
		8E94C01C2AE4963400E838C9 /* Inter-Regular.otf */ = {isa = PBXFileReference; lastKnownFileType = file; path = "Inter-Regular.otf"; sourceTree = "<group>"; };
		8E94C01E2AE4963400E838C9 /* Inter-Light.otf */ = {isa = PBXFileReference; lastKnownFileType = file; path = "Inter-Light.otf"; sourceTree = "<group>"; };
		8E94C01F2AE4963400E838C9 /* Inter-SemiBold.otf */ = {isa = PBXFileReference; lastKnownFileType = file; path = "Inter-SemiBold.otf"; sourceTree = "<group>"; };
		8E94C02A2AE4969A00E838C9 /* Info.plist */ = {isa = PBXFileReference; lastKnownFileType = text.plist; path = Info.plist; sourceTree = "<group>"; };
		8E94C02B2AE4B15000E838C9 /* Images.xcassets */ = {isa = PBXFileReference; lastKnownFileType = folder.assetcatalog; path = Images.xcassets; sourceTree = "<group>"; };
		8E99625B2AE039890097C3B6 /* Synergy.app */ = {isa = PBXFileReference; explicitFileType = wrapper.application; includeInIndex = 0; path = Synergy.app; sourceTree = BUILT_PRODUCTS_DIR; };
		8E99625E2AE039890097C3B6 /* SynergyApp.swift */ = {isa = PBXFileReference; lastKnownFileType = sourcecode.swift; path = SynergyApp.swift; sourceTree = "<group>"; };
		8E9962622AE0398B0097C3B6 /* Assets.xcassets */ = {isa = PBXFileReference; lastKnownFileType = folder.assetcatalog; path = Assets.xcassets; sourceTree = "<group>"; };
		8E9962652AE0398B0097C3B6 /* Preview Assets.xcassets */ = {isa = PBXFileReference; lastKnownFileType = folder.assetcatalog; path = "Preview Assets.xcassets"; sourceTree = "<group>"; };
		8ED6EF002AF4451F000B290A /* SeparatorView.swift */ = {isa = PBXFileReference; lastKnownFileType = sourcecode.swift; path = SeparatorView.swift; sourceTree = "<group>"; };
		8EF9DA202AE13D100029DD68 /* MainView.swift */ = {isa = PBXFileReference; lastKnownFileType = sourcecode.swift; path = MainView.swift; sourceTree = "<group>"; };
		8EF9DA232AE13F650029DD68 /* NavigationBar.swift */ = {isa = PBXFileReference; lastKnownFileType = sourcecode.swift; path = NavigationBar.swift; sourceTree = "<group>"; };
		8EF9DA252AE173DD0029DD68 /* AstrologyView.swift */ = {isa = PBXFileReference; lastKnownFileType = sourcecode.swift; path = AstrologyView.swift; sourceTree = "<group>"; };
/* End PBXFileReference section */

/* Begin PBXFrameworksBuildPhase section */
		8E9962582AE039890097C3B6 /* Frameworks */ = {
			isa = PBXFrameworksBuildPhase;
			buildActionMask = 2147483647;
			files = (
				8E99628A2AE03B870097C3B6 /* ComposableArchitecture in Frameworks */,
			);
			runOnlyForDeploymentPostprocessing = 0;
		};
/* End PBXFrameworksBuildPhase section */

/* Begin PBXGroup section */
		8E64F2492B0014B7009ED513 /* Sociotype */ = {
			isa = PBXGroup;
			children = (
				8E7762AA2B24C35E00E1BFC2 /* SociotypeDomain.swift */,
				8E7762AB2B24C35E00E1BFC2 /* SociotypeView.swift */,
			);
			path = Sociotype;
			sourceTree = "<group>";
		};
		8E64F24E2B001531009ED513 /* SociotypeDetail */ = {
			isa = PBXGroup;
			children = (
				8E66E8DD2AE6D6B400FDBE6F /* SociotypeDetailView.swift */,
				8E64F24C2B00150A009ED513 /* SociotypeDetailDomain.swift */,
			);
			path = SociotypeDetail;
			sourceTree = "<group>";
		};
		8E64F24F2B0015DD009ED513 /* ReininSigns */ = {
			isa = PBXGroup;
			children = (
				8E7B531B2AE5C7280031E807 /* ReininSignsView.swift */,
				8E64F2502B0015F2009ED513 /* ReininSignsDomain.swift */,
			);
			path = ReininSigns;
			sourceTree = "<group>";
		};
		8E64F2522B00164F009ED513 /* Models */ = {
			isa = PBXGroup;
			children = (
				8E7B531D2AE5E8D20031E807 /* SociotypeFactory.swift */,
				8E7B53192AE597DF0031E807 /* SociotypeModel.swift */,
				8E2564DB2B24C44000FA2C08 /* SociotypeDescription.swift */,
				8E2564DD2B24C44600FA2C08 /* Rainin.swift */,
			);
			path = Models;
			sourceTree = "<group>";
		};
		8E94C0002AE4878F00E838C9 /* Assets */ = {
			isa = PBXGroup;
			children = (
				8E94C0012AE4879D00E838C9 /* Theme.swift */,
				8E9962622AE0398B0097C3B6 /* Assets.xcassets */,
				8E94C00A2AE4952600E838C9 /* Socionics */,
			);
			path = Assets;
			sourceTree = "<group>";
		};
		8E94C0052AE48E9F00E838C9 /* Socionics */ = {
			isa = PBXGroup;
			children = (
				8E94C0062AE48ED600E838C9 /* SocionicsButton.swift */,
				8E7B531F2AE601750031E807 /* Modifiers.swift */,
				8ED6EF002AF4451F000B290A /* SeparatorView.swift */,
				8E7762A82B24C01000E1BFC2 /* ExpandableRow.swift */,
			);
			path = Socionics;
			sourceTree = "<group>";
		};
		8E94C00A2AE4952600E838C9 /* Socionics */ = {
			isa = PBXGroup;
			children = (
				8E94C00B2AE4955200E838C9 /* Fonts */,
				8E94C0032AE4881300E838C9 /* Colors.xcassets */,
				8E94C02B2AE4B15000E838C9 /* Images.xcassets */,
			);
			path = Socionics;
			sourceTree = "<group>";
		};
		8E94C00B2AE4955200E838C9 /* Fonts */ = {
			isa = PBXGroup;
			children = (
				8E94C0152AE495B600E838C9 /* Inter */,
				8E94C0142AE495A600E838C9 /* PT Root UI */,
			);
			path = Fonts;
			sourceTree = "<group>";
		};
		8E94C0142AE495A600E838C9 /* PT Root UI */ = {
			isa = PBXGroup;
			children = (
				8E94C00F2AE4959F00E838C9 /* PT-Root-UI_Bold.ttf */,
				8E94C00D2AE4959E00E838C9 /* PT-Root-UI_Light.ttf */,
				8E94C00C2AE4959E00E838C9 /* PT-Root-UI_Medium.ttf */,
				8E94C00E2AE4959F00E838C9 /* PT-Root-UI_Regular.ttf */,
			);
			path = "PT Root UI";
			sourceTree = "<group>";
		};
		8E94C0152AE495B600E838C9 /* Inter */ = {
			isa = PBXGroup;
			children = (
				8E94C01B2AE4963300E838C9 /* Inter-Black.otf */,
				8E94C0172AE4963300E838C9 /* Inter-Bold.otf */,
				8E94C0162AE4963300E838C9 /* Inter-ExtraBold.otf */,
				8E94C0182AE4963300E838C9 /* Inter-ExtraLight.otf */,
				8E94C01E2AE4963400E838C9 /* Inter-Light.otf */,
				8E94C0192AE4963300E838C9 /* Inter-Medium.otf */,
				8E94C01C2AE4963400E838C9 /* Inter-Regular.otf */,
				8E94C01F2AE4963400E838C9 /* Inter-SemiBold.otf */,
			);
			path = Inter;
			sourceTree = "<group>";
		};
		8E9962522AE039890097C3B6 = {
			isa = PBXGroup;
			children = (
				8E99625D2AE039890097C3B6 /* Synergy */,
				8E99625C2AE039890097C3B6 /* Products */,
			);
			sourceTree = "<group>";
		};
		8E99625C2AE039890097C3B6 /* Products */ = {
			isa = PBXGroup;
			children = (
				8E99625B2AE039890097C3B6 /* Synergy.app */,
			);
			name = Products;
			sourceTree = "<group>";
		};
		8E99625D2AE039890097C3B6 /* Synergy */ = {
			isa = PBXGroup;
			children = (
				8E94C02A2AE4969A00E838C9 /* Info.plist */,
				8E9962932AE0497F0097C3B6 /* App */,
				8E99628B2AE046440097C3B6 /* Screens */,
				8EF9DA222AE13F400029DD68 /* Components */,
				8E94C0002AE4878F00E838C9 /* Assets */,
				8E9962642AE0398B0097C3B6 /* Preview Content */,
			);
			path = Synergy;
			sourceTree = "<group>";
		};
		8E9962642AE0398B0097C3B6 /* Preview Content */ = {
			isa = PBXGroup;
			children = (
				8E9962652AE0398B0097C3B6 /* Preview Assets.xcassets */,
			);
			path = "Preview Content";
			sourceTree = "<group>";
		};
		8E99628B2AE046440097C3B6 /* Screens */ = {
			isa = PBXGroup;
			children = (
				8EF9DA1F2AE13D010029DD68 /* Main */,
				8E9962902AE0495B0097C3B6 /* Socionics */,
				8EF9DA272AE173E30029DD68 /* Astrology */,
			);
			path = Screens;
			sourceTree = "<group>";
		};
		8E9962902AE0495B0097C3B6 /* Socionics */ = {
			isa = PBXGroup;
			children = (
				8E64F2492B0014B7009ED513 /* Sociotype */,
				8E64F24E2B001531009ED513 /* SociotypeDetail */,
				8E64F24F2B0015DD009ED513 /* ReininSigns */,
				8E64F2522B00164F009ED513 /* Models */,
			);
			path = Socionics;
			sourceTree = "<group>";
		};
		8E9962932AE0497F0097C3B6 /* App */ = {
			isa = PBXGroup;
			children = (
				8E99625E2AE039890097C3B6 /* SynergyApp.swift */,
			);
			path = App;
			sourceTree = "<group>";
		};
		8EF9DA1F2AE13D010029DD68 /* Main */ = {
			isa = PBXGroup;
			children = (
				8EF9DA202AE13D100029DD68 /* MainView.swift */,
			);
			path = Main;
			sourceTree = "<group>";
		};
		8EF9DA222AE13F400029DD68 /* Components */ = {
			isa = PBXGroup;
			children = (
				8E94C0052AE48E9F00E838C9 /* Socionics */,
				8EF9DA232AE13F650029DD68 /* NavigationBar.swift */,
				8E44CA192B2387E40013876D /* RadialDiagram.swift */,
			);
			path = Components;
			sourceTree = "<group>";
		};
		8EF9DA272AE173E30029DD68 /* Astrology */ = {
			isa = PBXGroup;
			children = (
				8EF9DA252AE173DD0029DD68 /* AstrologyView.swift */,
			);
			path = Astrology;
			sourceTree = "<group>";
		};
/* End PBXGroup section */

/* Begin PBXNativeTarget section */
		8E99625A2AE039890097C3B6 /* Synergy */ = {
			isa = PBXNativeTarget;
			buildConfigurationList = 8E99627F2AE0398B0097C3B6 /* Build configuration list for PBXNativeTarget "Synergy" */;
			buildPhases = (
				8E9962572AE039890097C3B6 /* Sources */,
				8E9962582AE039890097C3B6 /* Frameworks */,
				8E9962592AE039890097C3B6 /* Resources */,
			);
			buildRules = (
			);
			dependencies = (
			);
			name = Synergy;
			packageProductDependencies = (
				8E9962892AE03B870097C3B6 /* ComposableArchitecture */,
			);
			productName = Synergy;
			productReference = 8E99625B2AE039890097C3B6 /* Synergy.app */;
			productType = "com.apple.product-type.application";
		};
/* End PBXNativeTarget section */

/* Begin PBXProject section */
		8E9962532AE039890097C3B6 /* Project object */ = {
			isa = PBXProject;
			attributes = {
				BuildIndependentTargetsInParallel = 1;
				LastSwiftUpdateCheck = 1500;
				LastUpgradeCheck = 1500;
				TargetAttributes = {
					8E99625A2AE039890097C3B6 = {
						CreatedOnToolsVersion = 15.0;
					};
				};
			};
			buildConfigurationList = 8E9962562AE039890097C3B6 /* Build configuration list for PBXProject "Synergy" */;
			compatibilityVersion = "Xcode 14.0";
			developmentRegion = en;
			hasScannedForEncodings = 0;
			knownRegions = (
				en,
				Base,
			);
			mainGroup = 8E9962522AE039890097C3B6;
			packageReferences = (
				8E9962882AE03B870097C3B6 /* XCRemoteSwiftPackageReference "swift-composable-architecture" */,
			);
			productRefGroup = 8E99625C2AE039890097C3B6 /* Products */;
			projectDirPath = "";
			projectRoot = "";
			targets = (
				8E99625A2AE039890097C3B6 /* Synergy */,
			);
		};
/* End PBXProject section */

/* Begin PBXResourcesBuildPhase section */
		8E9962592AE039890097C3B6 /* Resources */ = {
			isa = PBXResourcesBuildPhase;
			buildActionMask = 2147483647;
			files = (
				8E94C0042AE4881300E838C9 /* Colors.xcassets in Resources */,
				8E94C02C2AE4B15000E838C9 /* Images.xcassets in Resources */,
				8E94C0292AE4963400E838C9 /* Inter-SemiBold.otf in Resources */,
				8E94C0232AE4963400E838C9 /* Inter-Medium.otf in Resources */,
				8E94C0122AE4959F00E838C9 /* PT-Root-UI_Regular.ttf in Resources */,
				8E94C0252AE4963400E838C9 /* Inter-Black.otf in Resources */,
				8E94C0102AE4959F00E838C9 /* PT-Root-UI_Medium.ttf in Resources */,
				8E9962662AE0398B0097C3B6 /* Preview Assets.xcassets in Resources */,
				8E94C0132AE4959F00E838C9 /* PT-Root-UI_Bold.ttf in Resources */,
				8E9962632AE0398B0097C3B6 /* Assets.xcassets in Resources */,
				8E94C0222AE4963400E838C9 /* Inter-ExtraLight.otf in Resources */,
				8E94C0202AE4963400E838C9 /* Inter-ExtraBold.otf in Resources */,
				8E94C0262AE4963400E838C9 /* Inter-Regular.otf in Resources */,
				8E94C0112AE4959F00E838C9 /* PT-Root-UI_Light.ttf in Resources */,
				8E94C0282AE4963400E838C9 /* Inter-Light.otf in Resources */,
				8E94C0212AE4963400E838C9 /* Inter-Bold.otf in Resources */,
			);
			runOnlyForDeploymentPostprocessing = 0;
		};
/* End PBXResourcesBuildPhase section */

/* Begin PBXSourcesBuildPhase section */
		8E9962572AE039890097C3B6 /* Sources */ = {
			isa = PBXSourcesBuildPhase;
			buildActionMask = 2147483647;
			files = (
				8E64F24D2B00150A009ED513 /* SociotypeDetailDomain.swift in Sources */,
				8ED6EF012AF4451F000B290A /* SeparatorView.swift in Sources */,
				8E64F2512B0015F2009ED513 /* ReininSignsDomain.swift in Sources */,
				8E2564DC2B24C44000FA2C08 /* SociotypeDescription.swift in Sources */,
				8E2564DE2B24C44600FA2C08 /* Rainin.swift in Sources */,
				8E7762A92B24C01000E1BFC2 /* ExpandableRow.swift in Sources */,
				8E7762AD2B24C35E00E1BFC2 /* SociotypeView.swift in Sources */,
				8E99625F2AE039890097C3B6 /* SynergyApp.swift in Sources */,
				8EF9DA212AE13D100029DD68 /* MainView.swift in Sources */,
				8E7B531E2AE5E8D20031E807 /* SociotypeFactory.swift in Sources */,
				8E7762AC2B24C35E00E1BFC2 /* SociotypeDomain.swift in Sources */,
				8E7B53202AE601750031E807 /* Modifiers.swift in Sources */,
				8E44CA1A2B2387E40013876D /* RadialDiagram.swift in Sources */,
				8E94C0022AE4879D00E838C9 /* Theme.swift in Sources */,
				8EF9DA242AE13F650029DD68 /* NavigationBar.swift in Sources */,
				8E7B531C2AE5C7280031E807 /* ReininSignsView.swift in Sources */,
				8E94C0072AE48ED600E838C9 /* SocionicsButton.swift in Sources */,
				8E66E8DE2AE6D6B400FDBE6F /* SociotypeDetailView.swift in Sources */,
				8E7B531A2AE597DF0031E807 /* SociotypeModel.swift in Sources */,
				8EF9DA262AE173DD0029DD68 /* AstrologyView.swift in Sources */,
			);
			runOnlyForDeploymentPostprocessing = 0;
		};
/* End PBXSourcesBuildPhase section */

/* Begin XCBuildConfiguration section */
		8E99627D2AE0398B0097C3B6 /* Debug */ = {
			isa = XCBuildConfiguration;
			buildSettings = {
				ALWAYS_SEARCH_USER_PATHS = NO;
				ASSETCATALOG_COMPILER_GENERATE_SWIFT_ASSET_SYMBOL_EXTENSIONS = YES;
				CLANG_ANALYZER_NONNULL = YES;
				CLANG_ANALYZER_NUMBER_OBJECT_CONVERSION = YES_AGGRESSIVE;
				CLANG_CXX_LANGUAGE_STANDARD = "gnu++20";
				CLANG_ENABLE_MODULES = YES;
				CLANG_ENABLE_OBJC_ARC = YES;
				CLANG_ENABLE_OBJC_WEAK = YES;
				CLANG_WARN_BLOCK_CAPTURE_AUTORELEASING = YES;
				CLANG_WARN_BOOL_CONVERSION = YES;
				CLANG_WARN_COMMA = YES;
				CLANG_WARN_CONSTANT_CONVERSION = YES;
				CLANG_WARN_DEPRECATED_OBJC_IMPLEMENTATIONS = YES;
				CLANG_WARN_DIRECT_OBJC_ISA_USAGE = YES_ERROR;
				CLANG_WARN_DOCUMENTATION_COMMENTS = YES;
				CLANG_WARN_EMPTY_BODY = YES;
				CLANG_WARN_ENUM_CONVERSION = YES;
				CLANG_WARN_INFINITE_RECURSION = YES;
				CLANG_WARN_INT_CONVERSION = YES;
				CLANG_WARN_NON_LITERAL_NULL_CONVERSION = YES;
				CLANG_WARN_OBJC_IMPLICIT_RETAIN_SELF = YES;
				CLANG_WARN_OBJC_LITERAL_CONVERSION = YES;
				CLANG_WARN_OBJC_ROOT_CLASS = YES_ERROR;
				CLANG_WARN_QUOTED_INCLUDE_IN_FRAMEWORK_HEADER = YES;
				CLANG_WARN_RANGE_LOOP_ANALYSIS = YES;
				CLANG_WARN_STRICT_PROTOTYPES = YES;
				CLANG_WARN_SUSPICIOUS_MOVE = YES;
				CLANG_WARN_UNGUARDED_AVAILABILITY = YES_AGGRESSIVE;
				CLANG_WARN_UNREACHABLE_CODE = YES;
				CLANG_WARN__DUPLICATE_METHOD_MATCH = YES;
				COPY_PHASE_STRIP = NO;
				DEBUG_INFORMATION_FORMAT = dwarf;
				ENABLE_STRICT_OBJC_MSGSEND = YES;
				ENABLE_TESTABILITY = YES;
				ENABLE_USER_SCRIPT_SANDBOXING = YES;
				GCC_C_LANGUAGE_STANDARD = gnu17;
				GCC_DYNAMIC_NO_PIC = NO;
				GCC_NO_COMMON_BLOCKS = YES;
				GCC_OPTIMIZATION_LEVEL = 0;
				GCC_PREPROCESSOR_DEFINITIONS = (
					"DEBUG=1",
					"$(inherited)",
				);
				GCC_WARN_64_TO_32_BIT_CONVERSION = YES;
				GCC_WARN_ABOUT_RETURN_TYPE = YES_ERROR;
				GCC_WARN_UNDECLARED_SELECTOR = YES;
				GCC_WARN_UNINITIALIZED_AUTOS = YES_AGGRESSIVE;
				GCC_WARN_UNUSED_FUNCTION = YES;
				GCC_WARN_UNUSED_VARIABLE = YES;
				IPHONEOS_DEPLOYMENT_TARGET = 16.2;
				LOCALIZATION_PREFERS_STRING_CATALOGS = YES;
				MTL_ENABLE_DEBUG_INFO = INCLUDE_SOURCE;
				MTL_FAST_MATH = YES;
				ONLY_ACTIVE_ARCH = YES;
				SDKROOT = iphoneos;
				SWIFT_ACTIVE_COMPILATION_CONDITIONS = "DEBUG $(inherited)";
				SWIFT_OPTIMIZATION_LEVEL = "-Onone";
			};
			name = Debug;
		};
		8E99627E2AE0398B0097C3B6 /* Release */ = {
			isa = XCBuildConfiguration;
			buildSettings = {
				ALWAYS_SEARCH_USER_PATHS = NO;
				ASSETCATALOG_COMPILER_GENERATE_SWIFT_ASSET_SYMBOL_EXTENSIONS = YES;
				CLANG_ANALYZER_NONNULL = YES;
				CLANG_ANALYZER_NUMBER_OBJECT_CONVERSION = YES_AGGRESSIVE;
				CLANG_CXX_LANGUAGE_STANDARD = "gnu++20";
				CLANG_ENABLE_MODULES = YES;
				CLANG_ENABLE_OBJC_ARC = YES;
				CLANG_ENABLE_OBJC_WEAK = YES;
				CLANG_WARN_BLOCK_CAPTURE_AUTORELEASING = YES;
				CLANG_WARN_BOOL_CONVERSION = YES;
				CLANG_WARN_COMMA = YES;
				CLANG_WARN_CONSTANT_CONVERSION = YES;
				CLANG_WARN_DEPRECATED_OBJC_IMPLEMENTATIONS = YES;
				CLANG_WARN_DIRECT_OBJC_ISA_USAGE = YES_ERROR;
				CLANG_WARN_DOCUMENTATION_COMMENTS = YES;
				CLANG_WARN_EMPTY_BODY = YES;
				CLANG_WARN_ENUM_CONVERSION = YES;
				CLANG_WARN_INFINITE_RECURSION = YES;
				CLANG_WARN_INT_CONVERSION = YES;
				CLANG_WARN_NON_LITERAL_NULL_CONVERSION = YES;
				CLANG_WARN_OBJC_IMPLICIT_RETAIN_SELF = YES;
				CLANG_WARN_OBJC_LITERAL_CONVERSION = YES;
				CLANG_WARN_OBJC_ROOT_CLASS = YES_ERROR;
				CLANG_WARN_QUOTED_INCLUDE_IN_FRAMEWORK_HEADER = YES;
				CLANG_WARN_RANGE_LOOP_ANALYSIS = YES;
				CLANG_WARN_STRICT_PROTOTYPES = YES;
				CLANG_WARN_SUSPICIOUS_MOVE = YES;
				CLANG_WARN_UNGUARDED_AVAILABILITY = YES_AGGRESSIVE;
				CLANG_WARN_UNREACHABLE_CODE = YES;
				CLANG_WARN__DUPLICATE_METHOD_MATCH = YES;
				COPY_PHASE_STRIP = NO;
				DEBUG_INFORMATION_FORMAT = "dwarf-with-dsym";
				ENABLE_NS_ASSERTIONS = NO;
				ENABLE_STRICT_OBJC_MSGSEND = YES;
				ENABLE_USER_SCRIPT_SANDBOXING = YES;
				GCC_C_LANGUAGE_STANDARD = gnu17;
				GCC_NO_COMMON_BLOCKS = YES;
				GCC_WARN_64_TO_32_BIT_CONVERSION = YES;
				GCC_WARN_ABOUT_RETURN_TYPE = YES_ERROR;
				GCC_WARN_UNDECLARED_SELECTOR = YES;
				GCC_WARN_UNINITIALIZED_AUTOS = YES_AGGRESSIVE;
				GCC_WARN_UNUSED_FUNCTION = YES;
				GCC_WARN_UNUSED_VARIABLE = YES;
				IPHONEOS_DEPLOYMENT_TARGET = 16.2;
				LOCALIZATION_PREFERS_STRING_CATALOGS = YES;
				MTL_ENABLE_DEBUG_INFO = NO;
				MTL_FAST_MATH = YES;
				SDKROOT = iphoneos;
				SWIFT_COMPILATION_MODE = wholemodule;
				VALIDATE_PRODUCT = YES;
			};
			name = Release;
		};
		8E9962802AE0398B0097C3B6 /* Debug */ = {
			isa = XCBuildConfiguration;
			buildSettings = {
				ASSETCATALOG_COMPILER_APPICON_NAME = AppIcon;
				ASSETCATALOG_COMPILER_GLOBAL_ACCENT_COLOR_NAME = AccentColor;
				CODE_SIGN_STYLE = Automatic;
				CURRENT_PROJECT_VERSION = 1;
				DEVELOPMENT_ASSET_PATHS = "\"Synergy/Preview Content\"";
				DEVELOPMENT_TEAM = 6TVC5Q5R78;
				ENABLE_PREVIEWS = YES;
				GENERATE_INFOPLIST_FILE = YES;
				INFOPLIST_FILE = Synergy/Info.plist;
				INFOPLIST_KEY_UIApplicationSceneManifest_Generation = YES;
				INFOPLIST_KEY_UIApplicationSupportsIndirectInputEvents = YES;
				INFOPLIST_KEY_UILaunchScreen_Generation = YES;
				INFOPLIST_KEY_UISupportedInterfaceOrientations_iPad = "UIInterfaceOrientationPortrait UIInterfaceOrientationPortraitUpsideDown UIInterfaceOrientationLandscapeLeft UIInterfaceOrientationLandscapeRight";
				INFOPLIST_KEY_UISupportedInterfaceOrientations_iPhone = "UIInterfaceOrientationPortrait UIInterfaceOrientationLandscapeLeft UIInterfaceOrientationLandscapeRight";
				LD_RUNPATH_SEARCH_PATHS = (
					"$(inherited)",
					"@executable_path/Frameworks",
				);
				MARKETING_VERSION = 1.0;
				PRODUCT_BUNDLE_IDENTIFIER = arthurKulik.Synergy;
				PRODUCT_NAME = "$(TARGET_NAME)";
				SWIFT_EMIT_LOC_STRINGS = YES;
				SWIFT_VERSION = 5.0;
				TARGETED_DEVICE_FAMILY = "1,2";
			};
			name = Debug;
		};
		8E9962812AE0398B0097C3B6 /* Release */ = {
			isa = XCBuildConfiguration;
			buildSettings = {
				ASSETCATALOG_COMPILER_APPICON_NAME = AppIcon;
				ASSETCATALOG_COMPILER_GLOBAL_ACCENT_COLOR_NAME = AccentColor;
				CODE_SIGN_STYLE = Automatic;
				CURRENT_PROJECT_VERSION = 1;
				DEVELOPMENT_ASSET_PATHS = "\"Synergy/Preview Content\"";
				DEVELOPMENT_TEAM = 6TVC5Q5R78;
				ENABLE_PREVIEWS = YES;
				GENERATE_INFOPLIST_FILE = YES;
				INFOPLIST_FILE = Synergy/Info.plist;
				INFOPLIST_KEY_UIApplicationSceneManifest_Generation = YES;
				INFOPLIST_KEY_UIApplicationSupportsIndirectInputEvents = YES;
				INFOPLIST_KEY_UILaunchScreen_Generation = YES;
				INFOPLIST_KEY_UISupportedInterfaceOrientations_iPad = "UIInterfaceOrientationPortrait UIInterfaceOrientationPortraitUpsideDown UIInterfaceOrientationLandscapeLeft UIInterfaceOrientationLandscapeRight";
				INFOPLIST_KEY_UISupportedInterfaceOrientations_iPhone = "UIInterfaceOrientationPortrait UIInterfaceOrientationLandscapeLeft UIInterfaceOrientationLandscapeRight";
				LD_RUNPATH_SEARCH_PATHS = (
					"$(inherited)",
					"@executable_path/Frameworks",
				);
				MARKETING_VERSION = 1.0;
				PRODUCT_BUNDLE_IDENTIFIER = arthurKulik.Synergy;
				PRODUCT_NAME = "$(TARGET_NAME)";
				SWIFT_EMIT_LOC_STRINGS = YES;
				SWIFT_VERSION = 5.0;
				TARGETED_DEVICE_FAMILY = "1,2";
			};
			name = Release;
		};
/* End XCBuildConfiguration section */

/* Begin XCConfigurationList section */
		8E9962562AE039890097C3B6 /* Build configuration list for PBXProject "Synergy" */ = {
			isa = XCConfigurationList;
			buildConfigurations = (
				8E99627D2AE0398B0097C3B6 /* Debug */,
				8E99627E2AE0398B0097C3B6 /* Release */,
			);
			defaultConfigurationIsVisible = 0;
			defaultConfigurationName = Release;
		};
		8E99627F2AE0398B0097C3B6 /* Build configuration list for PBXNativeTarget "Synergy" */ = {
			isa = XCConfigurationList;
			buildConfigurations = (
				8E9962802AE0398B0097C3B6 /* Debug */,
				8E9962812AE0398B0097C3B6 /* Release */,
			);
			defaultConfigurationIsVisible = 0;
			defaultConfigurationName = Release;
		};
/* End XCConfigurationList section */

/* Begin XCRemoteSwiftPackageReference section */
		8E9962882AE03B870097C3B6 /* XCRemoteSwiftPackageReference "swift-composable-architecture" */ = {
			isa = XCRemoteSwiftPackageReference;
			repositoryURL = "https://github.com/pointfreeco/swift-composable-architecture";
			requirement = {
				kind = upToNextMajorVersion;
				minimumVersion = 1.2.0;
			};
		};
/* End XCRemoteSwiftPackageReference section */

/* Begin XCSwiftPackageProductDependency section */
		8E9962892AE03B870097C3B6 /* ComposableArchitecture */ = {
			isa = XCSwiftPackageProductDependency;
			package = 8E9962882AE03B870097C3B6 /* XCRemoteSwiftPackageReference "swift-composable-architecture" */;
			productName = ComposableArchitecture;
		};
/* End XCSwiftPackageProductDependency section */
	};
	rootObject = 8E9962532AE039890097C3B6 /* Project object */;
}
